PODS:
  - TensorFlowLiteC (0.0.1-nightly.20210717):
    - TensorFlowLiteC/Core (= 0.0.1-nightly.20210717)
  - TensorFlowLiteC/Core (0.0.1-nightly.20210717)
  - TensorFlowLiteC/CoreML (0.0.1-nightly.20210717):
    - TensorFlowLiteC/Core
  - TensorFlowLiteC/Metal (0.0.1-nightly.20210717):
    - TensorFlowLiteC/Core
  - TensorFlowLiteSelectTfOps (2.5.0)
  - TensorFlowLiteSwift/Core (0.0.1-nightly.20210717):
    - TensorFlowLiteC (= 0.0.1-nightly.20210717)
  - TensorFlowLiteSwift/CoreML (0.0.1-nightly.20210717):
    - TensorFlowLiteC/CoreML (= 0.0.1-nightly.20210717)
    - TensorFlowLiteSwift/Core (= 0.0.1-nightly.20210717)
  - TensorFlowLiteSwift/Metal (0.0.1-nightly.20210717):
    - TensorFlowLiteC/Metal (= 0.0.1-nightly.20210717)
    - TensorFlowLiteSwift/Core (= 0.0.1-nightly.20210717)

DEPENDENCIES:
  - TensorFlowLiteSelectTfOps (~> 2.5.0)
  - TensorFlowLiteSwift/CoreML (~> 0.0.1-nightly)
  - TensorFlowLiteSwift/Metal (~> 0.0.1-nightly)

SPEC REPOS:
  trunk:
    - TensorFlowLiteC
    - TensorFlowLiteSelectTfOps
    - TensorFlowLiteSwift

SPEC CHECKSUMS:
  TensorFlowLiteC: d561ea5fb710767e1f9aaca19af611194853008e
  TensorFlowLiteSelectTfOps: 8dad8028b2179eb80139763644ba78dc30909654
  TensorFlowLiteSwift: 27f7566eae0414ab71288d0a594742a972a5a32b

PODFILE CHECKSUM: 8367998bbd094dd07023cdbc34f9eb6e75c61d98

COCOAPODS: 1.10.1
