// !$*UTF8*$!
{
	archiveVersion = 1;
	classes = {
	};
	objectVersion = 50;
	objects = {

/* Begin PBXBuildFile section */
		C46F23C726ABC0C500654E78 /* AppDelegate.swift in Sources */ = {isa = PBXBuildFile; fileRef = C46F23C626ABC0C500654E78 /* AppDelegate.swift */; };
		C46F23C926ABC0C500654E78 /* SceneDelegate.swift in Sources */ = {isa = PBXBuildFile; fileRef = C46F23C826ABC0C500654E78 /* SceneDelegate.swift */; };
		C46F23CB26ABC0C500654E78 /* ViewController.swift in Sources */ = {isa = PBXBuildFile; fileRef = C46F23CA26ABC0C500654E78 /* ViewController.swift */; };
		C46F23CE26ABC0C500654E78 /* Main.storyboard in Resources */ = {isa = PBXBuildFile; fileRef = C46F23CC26ABC0C500654E78 /* Main.storyboard */; };
		C46F23D026ABC0C700654E78 /* Assets.xcassets in Resources */ = {isa = PBXBuildFile; fileRef = C46F23CF26ABC0C700654E78 /* Assets.xcassets */; };
		C46F23D326ABC0C700654E78 /* LaunchScreen.storyboard in Resources */ = {isa = PBXBuildFile; fileRef = C46F23D126ABC0C700654E78 /* LaunchScreen.storyboard */; };
		C46F23DE26ABC0C700654E78 /* credit_card_ocr_demoTests.swift in Sources */ = {isa = PBXBuildFile; fileRef = C46F23DD26ABC0C700654E78 /* credit_card_ocr_demoTests.swift */; };
		C46F23E926ABC0C700654E78 /* credit_card_ocr_demoUITests.swift in Sources */ = {isa = PBXBuildFile; fileRef = C46F23E826ABC0C700654E78 /* credit_card_ocr_demoUITests.swift */; };
/* End PBXBuildFile section */

/* Begin PBXContainerItemProxy section */
		C46F23DA26ABC0C700654E78 /* PBXContainerItemProxy */ = {
			isa = PBXContainerItemProxy;
			containerPortal = C46F23BB26ABC0C500654E78 /* Project object */;
			proxyType = 1;
			remoteGlobalIDString = C46F23C226ABC0C500654E78;
			remoteInfo = "credit-card-ocr-demo";
		};
		C46F23E526ABC0C700654E78 /* PBXContainerItemProxy */ = {
			isa = PBXContainerItemProxy;
			containerPortal = C46F23BB26ABC0C500654E78 /* Project object */;
			proxyType = 1;
			remoteGlobalIDString = C46F23C226ABC0C500654E78;
			remoteInfo = "credit-card-ocr-demo";
		};
/* End PBXContainerItemProxy section */

/* Begin PBXFileReference section */
		C46F23C326ABC0C500654E78 /* credit-card-ocr-demo.app */ = {isa = PBXFileReference; explicitFileType = wrapper.application; includeInIndex = 0; path = "credit-card-ocr-demo.app"; sourceTree = BUILT_PRODUCTS_DIR; };
		C46F23C626ABC0C500654E78 /* AppDelegate.swift */ = {isa = PBXFileReference; lastKnownFileType = sourcecode.swift; path = AppDelegate.swift; sourceTree = "<group>"; };
		C46F23C826ABC0C500654E78 /* SceneDelegate.swift */ = {isa = PBXFileReference; lastKnownFileType = sourcecode.swift; path = SceneDelegate.swift; sourceTree = "<group>"; };
		C46F23CA26ABC0C500654E78 /* ViewController.swift */ = {isa = PBXFileReference; lastKnownFileType = sourcecode.swift; path = ViewController.swift; sourceTree = "<group>"; };
		C46F23CD26ABC0C500654E78 /* Base */ = {isa = PBXFileReference; lastKnownFileType = file.storyboard; name = Base; path = Base.lproj/Main.storyboard; sourceTree = "<group>"; };
		C46F23CF26ABC0C700654E78 /* Assets.xcassets */ = {isa = PBXFileReference; lastKnownFileType = folder.assetcatalog; path = Assets.xcassets; sourceTree = "<group>"; };
		C46F23D226ABC0C700654E78 /* Base */ = {isa = PBXFileReference; lastKnownFileType = file.storyboard; name = Base; path = Base.lproj/LaunchScreen.storyboard; sourceTree = "<group>"; };
		C46F23D426ABC0C700654E78 /* Info.plist */ = {isa = PBXFileReference; lastKnownFileType = text.plist.xml; path = Info.plist; sourceTree = "<group>"; };
		C46F23D926ABC0C700654E78 /* credit-card-ocr-demoTests.xctest */ = {isa = PBXFileReference; explicitFileType = wrapper.cfbundle; includeInIndex = 0; path = "credit-card-ocr-demoTests.xctest"; sourceTree = BUILT_PRODUCTS_DIR; };
		C46F23DD26ABC0C700654E78 /* credit_card_ocr_demoTests.swift */ = {isa = PBXFileReference; lastKnownFileType = sourcecode.swift; path = credit_card_ocr_demoTests.swift; sourceTree = "<group>"; };
		C46F23DF26ABC0C700654E78 /* Info.plist */ = {isa = PBXFileReference; lastKnownFileType = text.plist.xml; path = Info.plist; sourceTree = "<group>"; };
		C46F23E426ABC0C700654E78 /* credit-card-ocr-demoUITests.xctest */ = {isa = PBXFileReference; explicitFileType = wrapper.cfbundle; includeInIndex = 0; path = "credit-card-ocr-demoUITests.xctest"; sourceTree = BUILT_PRODUCTS_DIR; };
		C46F23E826ABC0C700654E78 /* credit_card_ocr_demoUITests.swift */ = {isa = PBXFileReference; lastKnownFileType = sourcecode.swift; path = credit_card_ocr_demoUITests.swift; sourceTree = "<group>"; };
		C46F23EA26ABC0C700654E78 /* Info.plist */ = {isa = PBXFileReference; lastKnownFileType = text.plist.xml; path = Info.plist; sourceTree = "<group>"; };
/* End PBXFileReference section */

/* Begin PBXFrameworksBuildPhase section */
		C46F23C026ABC0C500654E78 /* Frameworks */ = {
			isa = PBXFrameworksBuildPhase;
			buildActionMask = 2147483647;
			files = (
			);
			runOnlyForDeploymentPostprocessing = 0;
		};
		C46F23D626ABC0C700654E78 /* Frameworks */ = {
			isa = PBXFrameworksBuildPhase;
			buildActionMask = 2147483647;
			files = (
			);
			runOnlyForDeploymentPostprocessing = 0;
		};
		C46F23E126ABC0C700654E78 /* Frameworks */ = {
			isa = PBXFrameworksBuildPhase;
			buildActionMask = 2147483647;
			files = (
			);
			runOnlyForDeploymentPostprocessing = 0;
		};
/* End PBXFrameworksBuildPhase section */

/* Begin PBXGroup section */
		C46F23BA26ABC0C500654E78 = {
			isa = PBXGroup;
			children = (
				C46F23C526ABC0C500654E78 /* credit-card-ocr-demo */,
				C46F23DC26ABC0C700654E78 /* credit-card-ocr-demoTests */,
				C46F23E726ABC0C700654E78 /* credit-card-ocr-demoUITests */,
				C46F23C426ABC0C500654E78 /* Products */,
			);
			sourceTree = "<group>";
		};
		C46F23C426ABC0C500654E78 /* Products */ = {
			isa = PBXGroup;
			children = (
				C46F23C326ABC0C500654E78 /* credit-card-ocr-demo.app */,
				C46F23D926ABC0C700654E78 /* credit-card-ocr-demoTests.xctest */,
				C46F23E426ABC0C700654E78 /* credit-card-ocr-demoUITests.xctest */,
			);
			name = Products;
			sourceTree = "<group>";
		};
		C46F23C526ABC0C500654E78 /* credit-card-ocr-demo */ = {
			isa = PBXGroup;
			children = (
				C46F23C626ABC0C500654E78 /* AppDelegate.swift */,
				C46F23C826ABC0C500654E78 /* SceneDelegate.swift */,
				C46F23CA26ABC0C500654E78 /* ViewController.swift */,
				C46F23CC26ABC0C500654E78 /* Main.storyboard */,
				C46F23CF26ABC0C700654E78 /* Assets.xcassets */,
				C46F23D126ABC0C700654E78 /* LaunchScreen.storyboard */,
				C46F23D426ABC0C700654E78 /* Info.plist */,
			);
			path = "credit-card-ocr-demo";
			sourceTree = "<group>";
		};
		C46F23DC26ABC0C700654E78 /* credit-card-ocr-demoTests */ = {
			isa = PBXGroup;
			children = (
				C46F23DD26ABC0C700654E78 /* credit_card_ocr_demoTests.swift */,
				C46F23DF26ABC0C700654E78 /* Info.plist */,
			);
			path = "credit-card-ocr-demoTests";
			sourceTree = "<group>";
		};
		C46F23E726ABC0C700654E78 /* credit-card-ocr-demoUITests */ = {
			isa = PBXGroup;
			children = (
				C46F23E826ABC0C700654E78 /* credit_card_ocr_demoUITests.swift */,
				C46F23EA26ABC0C700654E78 /* Info.plist */,
			);
			path = "credit-card-ocr-demoUITests";
			sourceTree = "<group>";
		};
/* End PBXGroup section */

/* Begin PBXNativeTarget section */
		C46F23C226ABC0C500654E78 /* credit-card-ocr-demo */ = {
			isa = PBXNativeTarget;
			buildConfigurationList = C46F23ED26ABC0C700654E78 /* Build configuration list for PBXNativeTarget "credit-card-ocr-demo" */;
			buildPhases = (
				C46F23BF26ABC0C500654E78 /* Sources */,
				C46F23C026ABC0C500654E78 /* Frameworks */,
				C46F23C126ABC0C500654E78 /* Resources */,
			);
			buildRules = (
			);
			dependencies = (
			);
			name = "credit-card-ocr-demo";
			productName = "credit-card-ocr-demo";
			productReference = C46F23C326ABC0C500654E78 /* credit-card-ocr-demo.app */;
			productType = "com.apple.product-type.application";
		};
		C46F23D826ABC0C700654E78 /* credit-card-ocr-demoTests */ = {
			isa = PBXNativeTarget;
			buildConfigurationList = C46F23F026ABC0C700654E78 /* Build configuration list for PBXNativeTarget "credit-card-ocr-demoTests" */;
			buildPhases = (
				C46F23D526ABC0C700654E78 /* Sources */,
				C46F23D626ABC0C700654E78 /* Frameworks */,
				C46F23D726ABC0C700654E78 /* Resources */,
			);
			buildRules = (
			);
			dependencies = (
				C46F23DB26ABC0C700654E78 /* PBXTargetDependency */,
			);
			name = "credit-card-ocr-demoTests";
			productName = "credit-card-ocr-demoTests";
			productReference = C46F23D926ABC0C700654E78 /* credit-card-ocr-demoTests.xctest */;
			productType = "com.apple.product-type.bundle.unit-test";
		};
		C46F23E326ABC0C700654E78 /* credit-card-ocr-demoUITests */ = {
			isa = PBXNativeTarget;
			buildConfigurationList = C46F23F326ABC0C700654E78 /* Build configuration list for PBXNativeTarget "credit-card-ocr-demoUITests" */;
			buildPhases = (
				C46F23E026ABC0C700654E78 /* Sources */,
				C46F23E126ABC0C700654E78 /* Frameworks */,
				C46F23E226ABC0C700654E78 /* Resources */,
			);
			buildRules = (
			);
			dependencies = (
				C46F23E626ABC0C700654E78 /* PBXTargetDependency */,
			);
			name = "credit-card-ocr-demoUITests";
			productName = "credit-card-ocr-demoUITests";
			productReference = C46F23E426ABC0C700654E78 /* credit-card-ocr-demoUITests.xctest */;
			productType = "com.apple.product-type.bundle.ui-testing";
		};
/* End PBXNativeTarget section */

/* Begin PBXProject section */
		C46F23BB26ABC0C500654E78 /* Project object */ = {
			isa = PBXProject;
			attributes = {
				LastSwiftUpdateCheck = 1250;
				LastUpgradeCheck = 1250;
				TargetAttributes = {
					C46F23C226ABC0C500654E78 = {
						CreatedOnToolsVersion = 12.5;
					};
					C46F23D826ABC0C700654E78 = {
						CreatedOnToolsVersion = 12.5;
						TestTargetID = C46F23C226ABC0C500654E78;
					};
					C46F23E326ABC0C700654E78 = {
						CreatedOnToolsVersion = 12.5;
						TestTargetID = C46F23C226ABC0C500654E78;
					};
				};
			};
			buildConfigurationList = C46F23BE26ABC0C500654E78 /* Build configuration list for PBXProject "credit-card-ocr-demo" */;
			compatibilityVersion = "Xcode 9.3";
			developmentRegion = en;
			hasScannedForEncodings = 0;
			knownRegions = (
				en,
				Base,
			);
			mainGroup = C46F23BA26ABC0C500654E78;
			productRefGroup = C46F23C426ABC0C500654E78 /* Products */;
			projectDirPath = "";
			projectRoot = "";
			targets = (
				C46F23C226ABC0C500654E78 /* credit-card-ocr-demo */,
				C46F23D826ABC0C700654E78 /* credit-card-ocr-demoTests */,
				C46F23E326ABC0C700654E78 /* credit-card-ocr-demoUITests */,
			);
		};
/* End PBXProject section */

/* Begin PBXResourcesBuildPhase section */
		C46F23C126ABC0C500654E78 /* Resources */ = {
			isa = PBXResourcesBuildPhase;
			buildActionMask = 2147483647;
			files = (
				C46F23D326ABC0C700654E78 /* LaunchScreen.storyboard in Resources */,
				C46F23D026ABC0C700654E78 /* Assets.xcassets in Resources */,
				C46F23CE26ABC0C500654E78 /* Main.storyboard in Resources */,
			);
			runOnlyForDeploymentPostprocessing = 0;
		};
		C46F23D726ABC0C700654E78 /* Resources */ = {
			isa = PBXResourcesBuildPhase;
			buildActionMask = 2147483647;
			files = (
			);
			runOnlyForDeploymentPostprocessing = 0;
		};
		C46F23E226ABC0C700654E78 /* Resources */ = {
			isa = PBXResourcesBuildPhase;
			buildActionMask = 2147483647;
			files = (
			);
			runOnlyForDeploymentPostprocessing = 0;
		};
/* End PBXResourcesBuildPhase section */

/* Begin PBXSourcesBuildPhase section */
		C46F23BF26ABC0C500654E78 /* Sources */ = {
			isa = PBXSourcesBuildPhase;
			buildActionMask = 2147483647;
			files = (
				C46F23CB26ABC0C500654E78 /* ViewController.swift in Sources */,
				C46F23C726ABC0C500654E78 /* AppDelegate.swift in Sources */,
				C46F23C926ABC0C500654E78 /* SceneDelegate.swift in Sources */,
			);
			runOnlyForDeploymentPostprocessing = 0;
		};
		C46F23D526ABC0C700654E78 /* Sources */ = {
			isa = PBXSourcesBuildPhase;
			buildActionMask = 2147483647;
			files = (
				C46F23DE26ABC0C700654E78 /* credit_card_ocr_demoTests.swift in Sources */,
			);
			runOnlyForDeploymentPostprocessing = 0;
		};
		C46F23E026ABC0C700654E78 /* Sources */ = {
			isa = PBXSourcesBuildPhase;
			buildActionMask = 2147483647;
			files = (
				C46F23E926ABC0C700654E78 /* credit_card_ocr_demoUITests.swift in Sources */,
			);
			runOnlyForDeploymentPostprocessing = 0;
		};
/* End PBXSourcesBuildPhase section */

/* Begin PBXTargetDependency section */
		C46F23DB26ABC0C700654E78 /* PBXTargetDependency */ = {
			isa = PBXTargetDependency;
			target = C46F23C226ABC0C500654E78 /* credit-card-ocr-demo */;
			targetProxy = C46F23DA26ABC0C700654E78 /* PBXContainerItemProxy */;
		};
		C46F23E626ABC0C700654E78 /* PBXTargetDependency */ = {
			isa = PBXTargetDependency;
			target = C46F23C226ABC0C500654E78 /* credit-card-ocr-demo */;
			targetProxy = C46F23E526ABC0C700654E78 /* PBXContainerItemProxy */;
		};
/* End PBXTargetDependency section */

/* Begin PBXVariantGroup section */
		C46F23CC26ABC0C500654E78 /* Main.storyboard */ = {
			isa = PBXVariantGroup;
			children = (
				C46F23CD26ABC0C500654E78 /* Base */,
			);
			name = Main.storyboard;
			sourceTree = "<group>";
		};
		C46F23D126ABC0C700654E78 /* LaunchScreen.storyboard */ = {
			isa = PBXVariantGroup;
			children = (
				C46F23D226ABC0C700654E78 /* Base */,
			);
			name = LaunchScreen.storyboard;
			sourceTree = "<group>";
		};
/* End PBXVariantGroup section */

/* Begin XCBuildConfiguration section */
		C46F23EB26ABC0C700654E78 /* Debug */ = {
			isa = XCBuildConfiguration;
			buildSettings = {
				ALWAYS_SEARCH_USER_PATHS = NO;
				CLANG_ANALYZER_NONNULL = YES;
				CLANG_ANALYZER_NUMBER_OBJECT_CONVERSION = YES_AGGRESSIVE;
				CLANG_CXX_LANGUAGE_STANDARD = "gnu++14";
				CLANG_CXX_LIBRARY = "libc++";
				CLANG_ENABLE_MODULES = YES;
				CLANG_ENABLE_OBJC_ARC = YES;
				CLANG_ENABLE_OBJC_WEAK = YES;
				CLANG_WARN_BLOCK_CAPTURE_AUTORELEASING = YES;
				CLANG_WARN_BOOL_CONVERSION = YES;
				CLANG_WARN_COMMA = YES;
				CLANG_WARN_CONSTANT_CONVERSION = YES;
				CLANG_WARN_DEPRECATED_OBJC_IMPLEMENTATIONS = YES;
				CLANG_WARN_DIRECT_OBJC_ISA_USAGE = YES_ERROR;
				CLANG_WARN_DOCUMENTATION_COMMENTS = YES;
				CLANG_WARN_EMPTY_BODY = YES;
				CLANG_WARN_ENUM_CONVERSION = YES;
				CLANG_WARN_INFINITE_RECURSION = YES;
				CLANG_WARN_INT_CONVERSION = YES;
				CLANG_WARN_NON_LITERAL_NULL_CONVERSION = YES;
				CLANG_WARN_OBJC_IMPLICIT_RETAIN_SELF = YES;
				CLANG_WARN_OBJC_LITERAL_CONVERSION = YES;
				CLANG_WARN_OBJC_ROOT_CLASS = YES_ERROR;
				CLANG_WARN_QUOTED_INCLUDE_IN_FRAMEWORK_HEADER = YES;
				CLANG_WARN_RANGE_LOOP_ANALYSIS = YES;
				CLANG_WARN_STRICT_PROTOTYPES = YES;
				CLANG_WARN_SUSPICIOUS_MOVE = YES;
				CLANG_WARN_UNGUARDED_AVAILABILITY = YES_AGGRESSIVE;
				CLANG_WARN_UNREACHABLE_CODE = YES;
				CLANG_WARN__DUPLICATE_METHOD_MATCH = YES;
				COPY_PHASE_STRIP = NO;
				DEBUG_INFORMATION_FORMAT = dwarf;
				ENABLE_STRICT_OBJC_MSGSEND = YES;
				ENABLE_TESTABILITY = YES;
				GCC_C_LANGUAGE_STANDARD = gnu11;
				GCC_DYNAMIC_NO_PIC = NO;
				GCC_NO_COMMON_BLOCKS = YES;
				GCC_OPTIMIZATION_LEVEL = 0;
				GCC_PREPROCESSOR_DEFINITIONS = (
					"DEBUG=1",
					"$(inherited)",
				);
				GCC_WARN_64_TO_32_BIT_CONVERSION = YES;
				GCC_WARN_ABOUT_RETURN_TYPE = YES_ERROR;
				GCC_WARN_UNDECLARED_SELECTOR = YES;
				GCC_WARN_UNINITIALIZED_AUTOS = YES_AGGRESSIVE;
				GCC_WARN_UNUSED_FUNCTION = YES;
				GCC_WARN_UNUSED_VARIABLE = YES;
				IPHONEOS_DEPLOYMENT_TARGET = 14.5;
				MTL_ENABLE_DEBUG_INFO = INCLUDE_SOURCE;
				MTL_FAST_MATH = YES;
				ONLY_ACTIVE_ARCH = YES;
				SDKROOT = iphoneos;
				SWIFT_ACTIVE_COMPILATION_CONDITIONS = DEBUG;
				SWIFT_OPTIMIZATION_LEVEL = "-Onone";
			};
			name = Debug;
		};
		C46F23EC26ABC0C700654E78 /* Release */ = {
			isa = XCBuildConfiguration;
			buildSettings = {
				ALWAYS_SEARCH_USER_PATHS = NO;
				CLANG_ANALYZER_NONNULL = YES;
				CLANG_ANALYZER_NUMBER_OBJECT_CONVERSION = YES_AGGRESSIVE;
				CLANG_CXX_LANGUAGE_STANDARD = "gnu++14";
				CLANG_CXX_LIBRARY = "libc++";
				CLANG_ENABLE_MODULES = YES;
				CLANG_ENABLE_OBJC_ARC = YES;
				CLANG_ENABLE_OBJC_WEAK = YES;
				CLANG_WARN_BLOCK_CAPTURE_AUTORELEASING = YES;
				CLANG_WARN_BOOL_CONVERSION = YES;
				CLANG_WARN_COMMA = YES;
				CLANG_WARN_CONSTANT_CONVERSION = YES;
				CLANG_WARN_DEPRECATED_OBJC_IMPLEMENTATIONS = YES;
				CLANG_WARN_DIRECT_OBJC_ISA_USAGE = YES_ERROR;
				CLANG_WARN_DOCUMENTATION_COMMENTS = YES;
				CLANG_WARN_EMPTY_BODY = YES;
				CLANG_WARN_ENUM_CONVERSION = YES;
				CLANG_WARN_INFINITE_RECURSION = YES;
				CLANG_WARN_INT_CONVERSION = YES;
				CLANG_WARN_NON_LITERAL_NULL_CONVERSION = YES;
				CLANG_WARN_OBJC_IMPLICIT_RETAIN_SELF = YES;
				CLANG_WARN_OBJC_LITERAL_CONVERSION = YES;
				CLANG_WARN_OBJC_ROOT_CLASS = YES_ERROR;
				CLANG_WARN_QUOTED_INCLUDE_IN_FRAMEWORK_HEADER = YES;
				CLANG_WARN_RANGE_LOOP_ANALYSIS = YES;
				CLANG_WARN_STRICT_PROTOTYPES = YES;
				CLANG_WARN_SUSPICIOUS_MOVE = YES;
				CLANG_WARN_UNGUARDED_AVAILABILITY = YES_AGGRESSIVE;
				CLANG_WARN_UNREACHABLE_CODE = YES;
				CLANG_WARN__DUPLICATE_METHOD_MATCH = YES;
				COPY_PHASE_STRIP = NO;
				DEBUG_INFORMATION_FORMAT = "dwarf-with-dsym";
				ENABLE_NS_ASSERTIONS = NO;
				ENABLE_STRICT_OBJC_MSGSEND = YES;
				GCC_C_LANGUAGE_STANDARD = gnu11;
				GCC_NO_COMMON_BLOCKS = YES;
				GCC_WARN_64_TO_32_BIT_CONVERSION = YES;
				GCC_WARN_ABOUT_RETURN_TYPE = YES_ERROR;
				GCC_WARN_UNDECLARED_SELECTOR = YES;
				GCC_WARN_UNINITIALIZED_AUTOS = YES_AGGRESSIVE;
				GCC_WARN_UNUSED_FUNCTION = YES;
				GCC_WARN_UNUSED_VARIABLE = YES;
				IPHONEOS_DEPLOYMENT_TARGET = 14.5;
				MTL_ENABLE_DEBUG_INFO = NO;
				MTL_FAST_MATH = YES;
				SDKROOT = iphoneos;
				SWIFT_COMPILATION_MODE = wholemodule;
				SWIFT_OPTIMIZATION_LEVEL = "-O";
				VALIDATE_PRODUCT = YES;
			};
			name = Release;
		};
		C46F23EE26ABC0C700654E78 /* Debug */ = {
			isa = XCBuildConfiguration;
			buildSettings = {
				ASSETCATALOG_COMPILER_APPICON_NAME = AppIcon;
				ASSETCATALOG_COMPILER_GLOBAL_ACCENT_COLOR_NAME = AccentColor;
				CODE_SIGN_STYLE = Automatic;
				DEVELOPMENT_TEAM = KVZZPY73PV;
				INFOPLIST_FILE = "credit-card-ocr-demo/Info.plist";
				LD_RUNPATH_SEARCH_PATHS = (
					"$(inherited)",
					"@executable_path/Frameworks",
				);
				PRODUCT_BUNDLE_IDENTIFIER = "com.roxan.tech.credit-card-ocr-demo";
				PRODUCT_NAME = "$(TARGET_NAME)";
				SWIFT_VERSION = 5.0;
				TARGETED_DEVICE_FAMILY = "1,2";
			};
			name = Debug;
		};
		C46F23EF26ABC0C700654E78 /* Release */ = {
			isa = XCBuildConfiguration;
			buildSettings = {
				ASSETCATALOG_COMPILER_APPICON_NAME = AppIcon;
				ASSETCATALOG_COMPILER_GLOBAL_ACCENT_COLOR_NAME = AccentColor;
				CODE_SIGN_STYLE = Automatic;
				DEVELOPMENT_TEAM = KVZZPY73PV;
				INFOPLIST_FILE = "credit-card-ocr-demo/Info.plist";
				LD_RUNPATH_SEARCH_PATHS = (
					"$(inherited)",
					"@executable_path/Frameworks",
				);
				PRODUCT_BUNDLE_IDENTIFIER = "com.roxan.tech.credit-card-ocr-demo";
				PRODUCT_NAME = "$(TARGET_NAME)";
				SWIFT_VERSION = 5.0;
				TARGETED_DEVICE_FAMILY = "1,2";
			};
			name = Release;
		};
		C46F23F126ABC0C700654E78 /* Debug */ = {
			isa = XCBuildConfiguration;
			buildSettings = {
				ALWAYS_EMBED_SWIFT_STANDARD_LIBRARIES = YES;
				BUNDLE_LOADER = "$(TEST_HOST)";
				CODE_SIGN_STYLE = Automatic;
				DEVELOPMENT_TEAM = KVZZPY73PV;
				INFOPLIST_FILE = "credit-card-ocr-demoTests/Info.plist";
				IPHONEOS_DEPLOYMENT_TARGET = 14.5;
				LD_RUNPATH_SEARCH_PATHS = (
					"$(inherited)",
					"@executable_path/Frameworks",
					"@loader_path/Frameworks",
				);
				PRODUCT_BUNDLE_IDENTIFIER = "com.roxan.tech.credit-card-ocr-demoTests";
				PRODUCT_NAME = "$(TARGET_NAME)";
				SWIFT_VERSION = 5.0;
				TARGETED_DEVICE_FAMILY = "1,2";
				TEST_HOST = "$(BUILT_PRODUCTS_DIR)/credit-card-ocr-demo.app/credit-card-ocr-demo";
			};
			name = Debug;
		};
		C46F23F226ABC0C700654E78 /* Release */ = {
			isa = XCBuildConfiguration;
			buildSettings = {
				ALWAYS_EMBED_SWIFT_STANDARD_LIBRARIES = YES;
				BUNDLE_LOADER = "$(TEST_HOST)";
				CODE_SIGN_STYLE = Automatic;
				DEVELOPMENT_TEAM = KVZZPY73PV;
				INFOPLIST_FILE = "credit-card-ocr-demoTests/Info.plist";
				IPHONEOS_DEPLOYMENT_TARGET = 14.5;
				LD_RUNPATH_SEARCH_PATHS = (
					"$(inherited)",
					"@executable_path/Frameworks",
					"@loader_path/Frameworks",
				);
				PRODUCT_BUNDLE_IDENTIFIER = "com.roxan.tech.credit-card-ocr-demoTests";
				PRODUCT_NAME = "$(TARGET_NAME)";
				SWIFT_VERSION = 5.0;
				TARGETED_DEVICE_FAMILY = "1,2";
				TEST_HOST = "$(BUILT_PRODUCTS_DIR)/credit-card-ocr-demo.app/credit-card-ocr-demo";
			};
			name = Release;
		};
		C46F23F426ABC0C700654E78 /* Debug */ = {
			isa = XCBuildConfiguration;
			buildSettings = {
				ALWAYS_EMBED_SWIFT_STANDARD_LIBRARIES = YES;
				CODE_SIGN_STYLE = Automatic;
				DEVELOPMENT_TEAM = KVZZPY73PV;
				INFOPLIST_FILE = "credit-card-ocr-demoUITests/Info.plist";
				LD_RUNPATH_SEARCH_PATHS = (
					"$(inherited)",
					"@executable_path/Frameworks",
					"@loader_path/Frameworks",
				);
				PRODUCT_BUNDLE_IDENTIFIER = "com.roxan.tech.credit-card-ocr-demoUITests";
				PRODUCT_NAME = "$(TARGET_NAME)";
				SWIFT_VERSION = 5.0;
				TARGETED_DEVICE_FAMILY = "1,2";
				TEST_TARGET_NAME = "credit-card-ocr-demo";
			};
			name = Debug;
		};
		C46F23F526ABC0C700654E78 /* Release */ = {
			isa = XCBuildConfiguration;
			buildSettings = {
				ALWAYS_EMBED_SWIFT_STANDARD_LIBRARIES = YES;
				CODE_SIGN_STYLE = Automatic;
				DEVELOPMENT_TEAM = KVZZPY73PV;
				INFOPLIST_FILE = "credit-card-ocr-demoUITests/Info.plist";
				LD_RUNPATH_SEARCH_PATHS = (
					"$(inherited)",
					"@executable_path/Frameworks",
					"@loader_path/Frameworks",
				);
				PRODUCT_BUNDLE_IDENTIFIER = "com.roxan.tech.credit-card-ocr-demoUITests";
				PRODUCT_NAME = "$(TARGET_NAME)";
				SWIFT_VERSION = 5.0;
				TARGETED_DEVICE_FAMILY = "1,2";
				TEST_TARGET_NAME = "credit-card-ocr-demo";
			};
			name = Release;
		};
/* End XCBuildConfiguration section */

/* Begin XCConfigurationList section */
		C46F23BE26ABC0C500654E78 /* Build configuration list for PBXProject "credit-card-ocr-demo" */ = {
			isa = XCConfigurationList;
			buildConfigurations = (
				C46F23EB26ABC0C700654E78 /* Debug */,
				C46F23EC26ABC0C700654E78 /* Release */,
			);
			defaultConfigurationIsVisible = 0;
			defaultConfigurationName = Release;
		};
		C46F23ED26ABC0C700654E78 /* Build configuration list for PBXNativeTarget "credit-card-ocr-demo" */ = {
			isa = XCConfigurationList;
			buildConfigurations = (
				C46F23EE26ABC0C700654E78 /* Debug */,
				C46F23EF26ABC0C700654E78 /* Release */,
			);
			defaultConfigurationIsVisible = 0;
			defaultConfigurationName = Release;
		};
		C46F23F026ABC0C700654E78 /* Build configuration list for PBXNativeTarget "credit-card-ocr-demoTests" */ = {
			isa = XCConfigurationList;
			buildConfigurations = (
				C46F23F126ABC0C700654E78 /* Debug */,
				C46F23F226ABC0C700654E78 /* Release */,
			);
			defaultConfigurationIsVisible = 0;
			defaultConfigurationName = Release;
		};
		C46F23F326ABC0C700654E78 /* Build configuration list for PBXNativeTarget "credit-card-ocr-demoUITests" */ = {
			isa = XCConfigurationList;
			buildConfigurations = (
				C46F23F426ABC0C700654E78 /* Debug */,
				C46F23F526ABC0C700654E78 /* Release */,
			);
			defaultConfigurationIsVisible = 0;
			defaultConfigurationName = Release;
		};
/* End XCConfigurationList section */
	};
	rootObject = C46F23BB26ABC0C500654E78 /* Project object */;
}
